
Microsoft Visual Studio Solution File, Format Version 12.00
# Visual Studio Version 17
VisualStudioVersion = 17.5.33424.131
MinimumVisualStudioVersion = 10.0.40219.1
Project("{9A19103F-16F7-4668-BE54-9A1E7A4F7556}") = "API", "API\API.csproj", "{045B743C-8BB7-4725-936F-0EB94ABE94BB}"
EndProject
Project("{9A19103F-16F7-4668-BE54-9A1E7A4F7556}") = "SquareWpApp", "SquareWpApp\SquareWpApp.csproj", "{C600736E-141D-422B-B186-E099C2246281}"
EndProject
Project("{FAE04EC0-301F-11D3-BF4B-00C04F79EFBC}") = "WeatherCity2", "WeatherCity2\WeatherCity2.csproj", "{648B31A3-A199-4660-8AE0-EBEF6EE61192}"
EndProject
Global
	GlobalSection(SolutionConfigurationPlatforms) = preSolution
		Debug|Any CPU = Debug|Any CPU
		Release|Any CPU = Release|Any CPU
	EndGlobalSection
	GlobalSection(ProjectConfigurationPlatforms) = postSolution
		{045B743C-8BB7-4725-936F-0EB94ABE94BB}.Debug|Any CPU.ActiveCfg = Debug|Any CPU
		{045B743C-8BB7-4725-936F-0EB94ABE94BB}.Debug|Any CPU.Build.0 = Debug|Any CPU
		{045B743C-8BB7-4725-936F-0EB94ABE94BB}.Release|Any CPU.ActiveCfg = Release|Any CPU
		{045B743C-8BB7-4725-936F-0EB94ABE94BB}.Release|Any CPU.Build.0 = Release|Any CPU
		{C600736E-141D-422B-B186-E099C2246281}.Debug|Any CPU.ActiveCfg = Debug|Any CPU
		{C600736E-141D-422B-B186-E099C2246281}.Debug|Any CPU.Build.0 = Debug|Any CPU
		{C600736E-141D-422B-B186-E099C2246281}.Release|Any CPU.ActiveCfg = Release|Any CPU
		{C600736E-141D-422B-B186-E099C2246281}.Release|Any CPU.Build.0 = Release|Any CPU
		{648B31A3-A199-4660-8AE0-EBEF6EE61192}.Debug|Any CPU.ActiveCfg = Debug|Any CPU
		{648B31A3-A199-4660-8AE0-EBEF6EE61192}.Debug|Any CPU.Build.0 = Debug|Any CPU
		{648B31A3-A199-4660-8AE0-EBEF6EE61192}.Release|Any CPU.ActiveCfg = Release|Any CPU
		{648B31A3-A199-4660-8AE0-EBEF6EE61192}.Release|Any CPU.Build.0 = Release|Any CPU
	EndGlobalSection
	GlobalSection(SolutionProperties) = preSolution
		HideSolutionNode = FALSE
	EndGlobalSection
	GlobalSection(ExtensibilityGlobals) = postSolution
		SolutionGuid = {7B9E7C2D-1597-42B1-8CAC-35D3DCE0D0AA}
	EndGlobalSection
EndGlobal
